{
  "lockfile_version": "1",
  "packages": {
    "github:NixOS/nixpkgs/nixpkgs-unstable": {
      "last_modified": "2026-06-12T02:02:01Z",
      "resolved": "github:NixOS/nixpkgs/173d0ad7a974f8543a9ab01d2271b2e290341b33?lastModified=1781229721&narHash=sha256-ORvqDbb%2FLYxiJljGIejapjkc%2FkJbVote2N1WSb9W45I%3D"
    }
  }
}
